
Microsoft Visual Studio Solution File, Format Version 12.00
# Visual Studio Version 17
VisualStudioVersion = 17.7.34221.43
MinimumVisualStudioVersion = 10.0.40219.1
Project("{9A19103F-16F7-4668-BE54-9A1E7A4F7556}") = "changedmod", "changedmod.csproj", "{CC1A888E-4DA4-45AF-91F3-00BB84DC6118}"
EndProject
Global
	GlobalSection(SolutionConfigurationPlatforms) = preSolution
		Debug|Any CPU = Debug|Any CPU
		Release|Any CPU = Release|Any CPU
	EndGlobalSection
	GlobalSection(ProjectConfigurationPlatforms) = postSolution
		{CC1A888E-4DA4-45AF-91F3-00BB84DC6118}.Debug|Any CPU.ActiveCfg = Debug|Any CPU
		{CC1A888E-4DA4-45AF-91F3-00BB84DC6118}.Debug|Any CPU.Build.0 = Debug|Any CPU
		{CC1A888E-4DA4-45AF-91F3-00BB84DC6118}.Release|Any CPU.ActiveCfg = Release|Any CPU
		{CC1A888E-4DA4-45AF-91F3-00BB84DC6118}.Release|Any CPU.Build.0 = Release|Any CPU
	EndGlobalSection
	GlobalSection(SolutionProperties) = preSolution
		HideSolutionNode = FALSE
	EndGlobalSection
	GlobalSection(ExtensibilityGlobals) = postSolution
		SolutionGuid = {026A1FF4-48B6-4057-A25F-6E69E72B3286}
	EndGlobalSection
EndGlobal
